{
    "name": "flagsmith-jira-integration",
    "lockfileVersion": 3,
    "requires": true,
    "packages": {
        "": {
            "devDependencies": {
                "dotenv-export": "^2.0.0"
            }
        },
        "node_modules/dotenv-export": {
            "version": "2.0.0",
            "resolved": "https://registry.npmjs.org/dotenv-export/-/dotenv-export-2.0.0.tgz",
            "integrity": "sha512-2PZ521l0JUIR6LSOEWtB59i4BOd9KZwSmGcRK2MKlPFc+zC5zSes0OYcG6PREsdtd7e/pyXKqFbWikM7NqcL4A==",
            "dev": true,
            "bin": {
                "dotenv-export": "cli.js"
            }
        }
    }
}
